// !$*UTF8*$!
{
	archiveVersion = 1;
	classes = {
	};
	objectVersion = 46;
	objects = {

/* Begin PBXBuildFile section */
		3F1A5894181262050069E3CB /* Foundation.framework in Frameworks */ = {isa = PBXBuildFile; fileRef = 3F1A5893181262050069E3CB /* Foundation.framework */; };
		3F1A5896181262050069E3CB /* CoreGraphics.framework in Frameworks */ = {isa = PBXBuildFile; fileRef = 3F1A5895181262050069E3CB /* CoreGraphics.framework */; };
		3F1A5898181262050069E3CB /* UIKit.framework in Frameworks */ = {isa = PBXBuildFile; fileRef = 3F1A5897181262050069E3CB /* UIKit.framework */; };
		3F1A589E181262050069E3CB /* InfoPlist.strings in Resources */ = {isa = PBXBuildFile; fileRef = 3F1A589C181262050069E3CB /* InfoPlist.strings */; };
		3F1A58A0181262050069E3CB /* main.m in Sources */ = {isa = PBXBuildFile; fileRef = 3F1A589F181262050069E3CB /* main.m */; };
		3F1A58A4181262050069E3CB /* AppDelegate.m in Sources */ = {isa = PBXBuildFile; fileRef = 3F1A58A3181262050069E3CB /* AppDelegate.m */; };
		3F1A58AA181262050069E3CB /* ViewController.m in Sources */ = {isa = PBXBuildFile; fileRef = 3F1A58A9181262050069E3CB /* ViewController.m */; };
		3F1A58AC181262050069E3CB /* Images.xcassets in Resources */ = {isa = PBXBuildFile; fileRef = 3F1A58AB181262050069E3CB /* Images.xcassets */; };
		3F1A58B3181262050069E3CB /* XCTest.framework in Frameworks */ = {isa = PBXBuildFile; fileRef = 3F1A58B2181262050069E3CB /* XCTest.framework */; };
		3F1A58B4181262050069E3CB /* Foundation.framework in Frameworks */ = {isa = PBXBuildFile; fileRef = 3F1A5893181262050069E3CB /* Foundation.framework */; };
		3F1A58B5181262050069E3CB /* UIKit.framework in Frameworks */ = {isa = PBXBuildFile; fileRef = 3F1A5897181262050069E3CB /* UIKit.framework */; };
		3F1A58BD181262050069E3CB /* InfoPlist.strings in Resources */ = {isa = PBXBuildFile; fileRef = 3F1A58BB181262050069E3CB /* InfoPlist.strings */; };
		3F1A58BF181262050069E3CB /* City_Tests.m in Sources */ = {isa = PBXBuildFile; fileRef = 3F1A58BE181262050069E3CB /* City_Tests.m */; };
		3FC276C91813147600F94944 /* Main.storyboard in Resources */ = {isa = PBXBuildFile; fileRef = 3FC276C81813147600F94944 /* Main.storyboard */; };
/* End PBXBuildFile section */

/* Begin PBXContainerItemProxy section */
		3F1A58B6181262050069E3CB /* PBXContainerItemProxy */ = {
			isa = PBXContainerItemProxy;
			containerPortal = 3F1A5888181262050069E3CB /* Project object */;
			proxyType = 1;
			remoteGlobalIDString = 3F1A588F181262050069E3CB;
			remoteInfo = "City+";
		};
/* End PBXContainerItemProxy section */

/* Begin PBXFileReference section */
		3F1A5890181262050069E3CB /* City+.app */ = {isa = PBXFileReference; explicitFileType = wrapper.application; includeInIndex = 0; path = "City+.app"; sourceTree = BUILT_PRODUCTS_DIR; };
		3F1A5893181262050069E3CB /* Foundation.framework */ = {isa = PBXFileReference; lastKnownFileType = wrapper.framework; name = Foundation.framework; path = System/Library/Frameworks/Foundation.framework; sourceTree = SDKROOT; };
		3F1A5895181262050069E3CB /* CoreGraphics.framework */ = {isa = PBXFileReference; lastKnownFileType = wrapper.framework; name = CoreGraphics.framework; path = System/Library/Frameworks/CoreGraphics.framework; sourceTree = SDKROOT; };
		3F1A5897181262050069E3CB /* UIKit.framework */ = {isa = PBXFileReference; lastKnownFileType = wrapper.framework; name = UIKit.framework; path = System/Library/Frameworks/UIKit.framework; sourceTree = SDKROOT; };
		3F1A589B181262050069E3CB /* City+-Info.plist */ = {isa = PBXFileReference; lastKnownFileType = text.plist.xml; path = "City+-Info.plist"; sourceTree = "<group>"; };
		3F1A589D181262050069E3CB /* en */ = {isa = PBXFileReference; lastKnownFileType = text.plist.strings; name = en; path = en.lproj/InfoPlist.strings; sourceTree = "<group>"; };
		3F1A589F181262050069E3CB /* main.m */ = {isa = PBXFileReference; lastKnownFileType = sourcecode.c.objc; path = main.m; sourceTree = "<group>"; };
		3F1A58A1181262050069E3CB /* City+-Prefix.pch */ = {isa = PBXFileReference; lastKnownFileType = sourcecode.c.h; path = "City+-Prefix.pch"; sourceTree = "<group>"; };
		3F1A58A2181262050069E3CB /* AppDelegate.h */ = {isa = PBXFileReference; lastKnownFileType = sourcecode.c.h; path = AppDelegate.h; sourceTree = "<group>"; };
		3F1A58A3181262050069E3CB /* AppDelegate.m */ = {isa = PBXFileReference; lastKnownFileType = sourcecode.c.objc; path = AppDelegate.m; sourceTree = "<group>"; };
		3F1A58A8181262050069E3CB /* ViewController.h */ = {isa = PBXFileReference; lastKnownFileType = sourcecode.c.h; path = ViewController.h; sourceTree = "<group>"; };
		3F1A58A9181262050069E3CB /* ViewController.m */ = {isa = PBXFileReference; lastKnownFileType = sourcecode.c.objc; path = ViewController.m; sourceTree = "<group>"; };
		3F1A58AB181262050069E3CB /* Images.xcassets */ = {isa = PBXFileReference; lastKnownFileType = folder.assetcatalog; path = Images.xcassets; sourceTree = "<group>"; };
		3F1A58B1181262050069E3CB /* City+Tests.xctest */ = {isa = PBXFileReference; explicitFileType = wrapper.cfbundle; includeInIndex = 0; path = "City+Tests.xctest"; sourceTree = BUILT_PRODUCTS_DIR; };
		3F1A58B2181262050069E3CB /* XCTest.framework */ = {isa = PBXFileReference; lastKnownFileType = wrapper.framework; name = XCTest.framework; path = Library/Frameworks/XCTest.framework; sourceTree = DEVELOPER_DIR; };
		3F1A58BA181262050069E3CB /* City+Tests-Info.plist */ = {isa = PBXFileReference; lastKnownFileType = text.plist.xml; path = "City+Tests-Info.plist"; sourceTree = "<group>"; };
		3F1A58BC181262050069E3CB /* en */ = {isa = PBXFileReference; lastKnownFileType = text.plist.strings; name = en; path = en.lproj/InfoPlist.strings; sourceTree = "<group>"; };
		3F1A58BE181262050069E3CB /* City_Tests.m */ = {isa = PBXFileReference; lastKnownFileType = sourcecode.c.objc; path = City_Tests.m; sourceTree = "<group>"; };
		3FC276C81813147600F94944 /* Main.storyboard */ = {isa = PBXFileReference; fileEncoding = 4; lastKnownFileType = file.storyboard; name = Main.storyboard; path = ../../Main.storyboard; sourceTree = "<group>"; };
/* End PBXFileReference section */

/* Begin PBXFrameworksBuildPhase section */
		3F1A588D181262050069E3CB /* Frameworks */ = {
			isa = PBXFrameworksBuildPhase;
			buildActionMask = 2147483647;
			files = (
				3F1A5896181262050069E3CB /* CoreGraphics.framework in Frameworks */,
				3F1A5898181262050069E3CB /* UIKit.framework in Frameworks */,
				3F1A5894181262050069E3CB /* Foundation.framework in Frameworks */,
			);
			runOnlyForDeploymentPostprocessing = 0;
		};
		3F1A58AE181262050069E3CB /* Frameworks */ = {
			isa = PBXFrameworksBuildPhase;
			buildActionMask = 2147483647;
			files = (
				3F1A58B3181262050069E3CB /* XCTest.framework in Frameworks */,
				3F1A58B5181262050069E3CB /* UIKit.framework in Frameworks */,
				3F1A58B4181262050069E3CB /* Foundation.framework in Frameworks */,
			);
			runOnlyForDeploymentPostprocessing = 0;
		};
/* End PBXFrameworksBuildPhase section */

/* Begin PBXGroup section */
		3F1A5887181262050069E3CB = {
			isa = PBXGroup;
			children = (
				3F1A5899181262050069E3CB /* City+ */,
				3F1A58B8181262050069E3CB /* City+Tests */,
				3F1A5892181262050069E3CB /* Frameworks */,
				3F1A5891181262050069E3CB /* Products */,
			);
			sourceTree = "<group>";
		};
		3F1A5891181262050069E3CB /* Products */ = {
			isa = PBXGroup;
			children = (
				3F1A5890181262050069E3CB /* City+.app */,
				3F1A58B1181262050069E3CB /* City+Tests.xctest */,
			);
			name = Products;
			sourceTree = "<group>";
		};
		3F1A5892181262050069E3CB /* Frameworks */ = {
			isa = PBXGroup;
			children = (
				3F1A5893181262050069E3CB /* Foundation.framework */,
				3F1A5895181262050069E3CB /* CoreGraphics.framework */,
				3F1A5897181262050069E3CB /* UIKit.framework */,
				3F1A58B2181262050069E3CB /* XCTest.framework */,
			);
			name = Frameworks;
			sourceTree = "<group>";
		};
		3F1A5899181262050069E3CB /* City+ */ = {
			isa = PBXGroup;
			children = (
				3FC276C81813147600F94944 /* Main.storyboard */,
				3F1A58A2181262050069E3CB /* AppDelegate.h */,
				3F1A58A3181262050069E3CB /* AppDelegate.m */,
				3F1A58A8181262050069E3CB /* ViewController.h */,
				3F1A58A9181262050069E3CB /* ViewController.m */,
				3F1A58AB181262050069E3CB /* Images.xcassets */,
				3F1A589A181262050069E3CB /* Supporting Files */,
			);
			path = "City+";
			sourceTree = "<group>";
		};
		3F1A589A181262050069E3CB /* Supporting Files */ = {
			isa = PBXGroup;
			children = (
				3F1A589B181262050069E3CB /* City+-Info.plist */,
				3F1A589C181262050069E3CB /* InfoPlist.strings */,
				3F1A589F181262050069E3CB /* main.m */,
				3F1A58A1181262050069E3CB /* City+-Prefix.pch */,
			);
			name = "Supporting Files";
			sourceTree = "<group>";
		};
		3F1A58B8181262050069E3CB /* City+Tests */ = {
			isa = PBXGroup;
			children = (
				3F1A58BE181262050069E3CB /* City_Tests.m */,
				3F1A58B9181262050069E3CB /* Supporting Files */,
			);
			path = "City+Tests";
			sourceTree = "<group>";
		};
		3F1A58B9181262050069E3CB /* Supporting Files */ = {
			isa = PBXGroup;
			children = (
				3F1A58BA181262050069E3CB /* City+Tests-Info.plist */,
				3F1A58BB181262050069E3CB /* InfoPlist.strings */,
			);
			name = "Supporting Files";
			sourceTree = "<group>";
		};
/* End PBXGroup section */

/* Begin PBXNativeTarget section */
		3F1A588F181262050069E3CB /* City+ */ = {
			isa = PBXNativeTarget;
			buildConfigurationList = 3F1A58C2181262050069E3CB /* Build configuration list for PBXNativeTarget "City+" */;
			buildPhases = (
				3F1A588C181262050069E3CB /* Sources */,
				3F1A588D181262050069E3CB /* Frameworks */,
				3F1A588E181262050069E3CB /* Resources */,
			);
			buildRules = (
			);
			dependencies = (
			);
			name = "City+";
			productName = "City+";
			productReference = 3F1A5890181262050069E3CB /* City+.app */;
			productType = "com.apple.product-type.application";
		};
		3F1A58B0181262050069E3CB /* City+Tests */ = {
			isa = PBXNativeTarget;
			buildConfigurationList = 3F1A58C5181262050069E3CB /* Build configuration list for PBXNativeTarget "City+Tests" */;
			buildPhases = (
				3F1A58AD181262050069E3CB /* Sources */,
				3F1A58AE181262050069E3CB /* Frameworks */,
				3F1A58AF181262050069E3CB /* Resources */,
			);
			buildRules = (
			);
			dependencies = (
				3F1A58B7181262050069E3CB /* PBXTargetDependency */,
			);
			name = "City+Tests";
			productName = "City+Tests";
			productReference = 3F1A58B1181262050069E3CB /* City+Tests.xctest */;
			productType = "com.apple.product-type.bundle.unit-test";
		};
/* End PBXNativeTarget section */

/* Begin PBXProject section */
		3F1A5888181262050069E3CB /* Project object */ = {
			isa = PBXProject;
			attributes = {
				LastUpgradeCheck = 0500;
				ORGANIZATIONNAME = "Xinming Tong";
				TargetAttributes = {
					3F1A58B0181262050069E3CB = {
						TestTargetID = 3F1A588F181262050069E3CB;
					};
				};
			};
			buildConfigurationList = 3F1A588B181262050069E3CB /* Build configuration list for PBXProject "City+" */;
			compatibilityVersion = "Xcode 3.2";
			developmentRegion = English;
			hasScannedForEncodings = 0;
			knownRegions = (
				en,
				Base,
			);
			mainGroup = 3F1A5887181262050069E3CB;
			productRefGroup = 3F1A5891181262050069E3CB /* Products */;
			projectDirPath = "";
			projectRoot = "";
			targets = (
				3F1A588F181262050069E3CB /* City+ */,
				3F1A58B0181262050069E3CB /* City+Tests */,
			);
		};
/* End PBXProject section */

/* Begin PBXResourcesBuildPhase section */
		3F1A588E181262050069E3CB /* Resources */ = {
			isa = PBXResourcesBuildPhase;
			buildActionMask = 2147483647;
			files = (
				3FC276C91813147600F94944 /* Main.storyboard in Resources */,
				3F1A58AC181262050069E3CB /* Images.xcassets in Resources */,
				3F1A589E181262050069E3CB /* InfoPlist.strings in Resources */,
			);
			runOnlyForDeploymentPostprocessing = 0;
		};
		3F1A58AF181262050069E3CB /* Resources */ = {
			isa = PBXResourcesBuildPhase;
			buildActionMask = 2147483647;
			files = (
				3F1A58BD181262050069E3CB /* InfoPlist.strings in Resources */,
			);
			runOnlyForDeploymentPostprocessing = 0;
		};
/* End PBXResourcesBuildPhase section */

/* Begin PBXSourcesBuildPhase section */
		3F1A588C181262050069E3CB /* Sources */ = {
			isa = PBXSourcesBuildPhase;
			buildActionMask = 2147483647;
			files = (
				3F1A58AA181262050069E3CB /* ViewController.m in Sources */,
				3F1A58A4181262050069E3CB /* AppDelegate.m in Sources */,
				3F1A58A0181262050069E3CB /* main.m in Sources */,
			);
			runOnlyForDeploymentPostprocessing = 0;
		};
		3F1A58AD181262050069E3CB /* Sources */ = {
			isa = PBXSourcesBuildPhase;
			buildActionMask = 2147483647;
			files = (
				3F1A58BF181262050069E3CB /* City_Tests.m in Sources */,
			);
			runOnlyForDeploymentPostprocessing = 0;
		};
/* End PBXSourcesBuildPhase section */

/* Begin PBXTargetDependency section */
		3F1A58B7181262050069E3CB /* PBXTargetDependency */ = {
			isa = PBXTargetDependency;
			target = 3F1A588F181262050069E3CB /* City+ */;
			targetProxy = 3F1A58B6181262050069E3CB /* PBXContainerItemProxy */;
		};
/* End PBXTargetDependency section */

/* Begin PBXVariantGroup section */
		3F1A589C181262050069E3CB /* InfoPlist.strings */ = {
			isa = PBXVariantGroup;
			children = (
				3F1A589D181262050069E3CB /* en */,
			);
			name = InfoPlist.strings;
			sourceTree = "<group>";
		};
		3F1A58BB181262050069E3CB /* InfoPlist.strings */ = {
			isa = PBXVariantGroup;
			children = (
				3F1A58BC181262050069E3CB /* en */,
			);
			name = InfoPlist.strings;
			sourceTree = "<group>";
		};
/* End PBXVariantGroup section */

/* Begin XCBuildConfiguration section */
		3F1A58C0181262050069E3CB /* Debug */ = {
			isa = XCBuildConfiguration;
			buildSettings = {
				ALWAYS_SEARCH_USER_PATHS = NO;
				ARCHS = "$(ARCHS_STANDARD_INCLUDING_64_BIT)";
				CLANG_CXX_LANGUAGE_STANDARD = "gnu++0x";
				CLANG_CXX_LIBRARY = "libc++";
				CLANG_ENABLE_MODULES = YES;
				CLANG_ENABLE_OBJC_ARC = YES;
				CLANG_WARN_BOOL_CONVERSION = YES;
				CLANG_WARN_CONSTANT_CONVERSION = YES;
				CLANG_WARN_DIRECT_OBJC_ISA_USAGE = YES_ERROR;
				CLANG_WARN_EMPTY_BODY = YES;
				CLANG_WARN_ENUM_CONVERSION = YES;
				CLANG_WARN_INT_CONVERSION = YES;
				CLANG_WARN_OBJC_ROOT_CLASS = YES_ERROR;
				CLANG_WARN__DUPLICATE_METHOD_MATCH = YES;
				"CODE_SIGN_IDENTITY[sdk=iphoneos*]" = "iPhone Developer";
				COPY_PHASE_STRIP = NO;
				GCC_C_LANGUAGE_STANDARD = gnu99;
				GCC_DYNAMIC_NO_PIC = NO;
				GCC_OPTIMIZATION_LEVEL = 0;
				GCC_PREPROCESSOR_DEFINITIONS = (
					"DEBUG=1",
					"$(inherited)",
				);
				GCC_SYMBOLS_PRIVATE_EXTERN = NO;
				GCC_WARN_64_TO_32_BIT_CONVERSION = YES;
				GCC_WARN_ABOUT_RETURN_TYPE = YES_ERROR;
				GCC_WARN_UNDECLARED_SELECTOR = YES;
				GCC_WARN_UNINITIALIZED_AUTOS = YES;
				GCC_WARN_UNUSED_FUNCTION = YES;
				GCC_WARN_UNUSED_VARIABLE = YES;
				IPHONEOS_DEPLOYMENT_TARGET = 7.0;
				ONLY_ACTIVE_ARCH = YES;
				SDKROOT = iphoneos;
			};
			name = Debug;
		};
		3F1A58C1181262050069E3CB /* Release */ = {
			isa = XCBuildConfiguration;
			buildSettings = {
				ALWAYS_SEARCH_USER_PATHS = NO;
				ARCHS = "$(ARCHS_STANDARD_INCLUDING_64_BIT)";
				CLANG_CXX_LANGUAGE_STANDARD = "gnu++0x";
				CLANG_CXX_LIBRARY = "libc++";
				CLANG_ENABLE_MODULES = YES;
				CLANG_ENABLE_OBJC_ARC = YES;
				CLANG_WARN_BOOL_CONVERSION = YES;
				CLANG_WARN_CONSTANT_CONVERSION = YES;
				CLANG_WARN_DIRECT_OBJC_ISA_USAGE = YES_ERROR;
				CLANG_WARN_EMPTY_BODY = YES;
				CLANG_WARN_ENUM_CONVERSION = YES;
				CLANG_WARN_INT_CONVERSION = YES;
				CLANG_WARN_OBJC_ROOT_CLASS = YES_ERROR;
				CLANG_WARN__DUPLICATE_METHOD_MATCH = YES;
				"CODE_SIGN_IDENTITY[sdk=iphoneos*]" = "iPhone Developer";
				COPY_PHASE_STRIP = YES;
				ENABLE_NS_ASSERTIONS = NO;
				GCC_C_LANGUAGE_STANDARD = gnu99;
				GCC_WARN_64_TO_32_BIT_CONVERSION = YES;
				GCC_WARN_ABOUT_RETURN_TYPE = YES_ERROR;
				GCC_WARN_UNDECLARED_SELECTOR = YES;
				GCC_WARN_UNINITIALIZED_AUTOS = YES;
				GCC_WARN_UNUSED_FUNCTION = YES;
				GCC_WARN_UNUSED_VARIABLE = YES;
				IPHONEOS_DEPLOYMENT_TARGET = 7.0;
				SDKROOT = iphoneos;
				VALIDATE_PRODUCT = YES;
			};
			name = Release;
		};
		3F1A58C3181262050069E3CB /* Debug */ = {
			isa = XCBuildConfiguration;
			buildSettings = {
				ASSETCATALOG_COMPILER_APPICON_NAME = AppIcon;
				ASSETCATALOG_COMPILER_LAUNCHIMAGE_NAME = LaunchImage;
				GCC_PRECOMPILE_PREFIX_HEADER = YES;
				GCC_PREFIX_HEADER = "City+/City+-Prefix.pch";
				INFOPLIST_FILE = "City+/City+-Info.plist";
				PRODUCT_NAME = "$(TARGET_NAME)";
				WRAPPER_EXTENSION = app;
			};
			name = Debug;
		};
		3F1A58C4181262050069E3CB /* Release */ = {
			isa = XCBuildConfiguration;
			buildSettings = {
				ASSETCATALOG_COMPILER_APPICON_NAME = AppIcon;
				ASSETCATALOG_COMPILER_LAUNCHIMAGE_NAME = LaunchImage;
				GCC_PRECOMPILE_PREFIX_HEADER = YES;
				GCC_PREFIX_HEADER = "City+/City+-Prefix.pch";
				INFOPLIST_FILE = "City+/City+-Info.plist";
				PRODUCT_NAME = "$(TARGET_NAME)";
				WRAPPER_EXTENSION = app;
			};
			name = Release;
		};
		3F1A58C6181262050069E3CB /* Debug */ = {
			isa = XCBuildConfiguration;
			buildSettings = {
				ARCHS = "$(ARCHS_STANDARD_INCLUDING_64_BIT)";
				BUNDLE_LOADER = "$(BUILT_PRODUCTS_DIR)/City+.app/City+";
				FRAMEWORK_SEARCH_PATHS = (
					"$(SDKROOT)/Developer/Library/Frameworks",
					"$(inherited)",
					"$(DEVELOPER_FRAMEWORKS_DIR)",
				);
				GCC_PRECOMPILE_PREFIX_HEADER = YES;
				GCC_PREFIX_HEADER = "City+/City+-Prefix.pch";
				GCC_PREPROCESSOR_DEFINITIONS = (
					"DEBUG=1",
					"$(inherited)",
				);
				INFOPLIST_FILE = "City+Tests/City+Tests-Info.plist";
				PRODUCT_NAME = "$(TARGET_NAME)";
				TEST_HOST = "$(BUNDLE_LOADER)";
				WRAPPER_EXTENSION = xctest;
			};
			name = Debug;
		};
		3F1A58C7181262050069E3CB /* Release */ = {
			isa = XCBuildConfiguration;
			buildSettings = {
				ARCHS = "$(ARCHS_STANDARD_INCLUDING_64_BIT)";
				BUNDLE_LOADER = "$(BUILT_PRODUCTS_DIR)/City+.app/City+";
				FRAMEWORK_SEARCH_PATHS = (
					"$(SDKROOT)/Developer/Library/Frameworks",
					"$(inherited)",
					"$(DEVELOPER_FRAMEWORKS_DIR)",
				);
				GCC_PRECOMPILE_PREFIX_HEADER = YES;
				GCC_PREFIX_HEADER = "City+/City+-Prefix.pch";
				INFOPLIST_FILE = "City+Tests/City+Tests-Info.plist";
				PRODUCT_NAME = "$(TARGET_NAME)";
				TEST_HOST = "$(BUNDLE_LOADER)";
				WRAPPER_EXTENSION = xctest;
			};
			name = Release;
		};
/* End XCBuildConfiguration section */

/* Begin XCConfigurationList section */
		3F1A588B181262050069E3CB /* Build configuration list for PBXProject "City+" */ = {
			isa = XCConfigurationList;
			buildConfigurations = (
				3F1A58C0181262050069E3CB /* Debug */,
				3F1A58C1181262050069E3CB /* Release */,
			);
			defaultConfigurationIsVisible = 0;
			defaultConfigurationName = Release;
		};
		3F1A58C2181262050069E3CB /* Build configuration list for PBXNativeTarget "City+" */ = {
			isa = XCConfigurationList;
			buildConfigurations = (
				3F1A58C3181262050069E3CB /* Debug */,
				3F1A58C4181262050069E3CB /* Release */,
			);
			defaultConfigurationIsVisible = 0;
			defaultConfigurationName = Release;
		};
		3F1A58C5181262050069E3CB /* Build configuration list for PBXNativeTarget "City+Tests" */ = {
			isa = XCConfigurationList;
			buildConfigurations = (
				3F1A58C6181262050069E3CB /* Debug */,
				3F1A58C7181262050069E3CB /* Release */,
			);
			defaultConfigurationIsVisible = 0;
			defaultConfigurationName = Release;
		};
/* End XCConfigurationList section */
	};
	rootObject = 3F1A5888181262050069E3CB /* Project object */;
}
